{
  "name": "worker",
  "version": "1.0.0",
  "lockfileVersion": 3,
  "requires": true,
  "packages": {
    "": {
      "name": "worker",
      "version": "1.0.0",
      "license": "ISC",
      "dependencies": {
        "hono": "^4.13.3"
      }
    },
    "node_modules/hono": {
      "version": "4.13.3",
      "resolved": "https://registry.npmjs.org/hono/-/hono-4.13.3.tgz",
      "integrity": "sha512-r8AO2mYHoLxSHkgafNeC/BXyb2vWRxD3jem4Ts+ptav8oTG5FIRifAjuJEmZI4bSvvc2ns0GxmIYiZnHqN3mMw==",
      "license": "MIT",
      "engines": {
        "node": ">=16.9.0"
      }
    }
  }
}
